// !$*UTF8*$!
{
	archiveVersion = 1;
	classes = {
	};
	objectVersion = 50;
	objects = {

/* Begin PBXBuildFile section */
		95BF147026CD31F10062DB84 /* Habits.xcdatamodeld in Sources */ = {isa = PBXBuildFile; fileRef = 95BF145A26CD31F00062DB84 /* Habits.xcdatamodeld */; };
		95BF147126CD31F10062DB84 /* Habits.xcdatamodeld in Sources */ = {isa = PBXBuildFile; fileRef = 95BF145A26CD31F00062DB84 /* Habits.xcdatamodeld */; };
		95BF147226CD31F10062DB84 /* HabitsApp.swift in Sources */ = {isa = PBXBuildFile; fileRef = 95BF145C26CD31F00062DB84 /* HabitsApp.swift */; };
		95BF147326CD31F10062DB84 /* HabitsApp.swift in Sources */ = {isa = PBXBuildFile; fileRef = 95BF145C26CD31F00062DB84 /* HabitsApp.swift */; };
		95BF147426CD31F10062DB84 /* ContentView.swift in Sources */ = {isa = PBXBuildFile; fileRef = 95BF145D26CD31F00062DB84 /* ContentView.swift */; };
		95BF147526CD31F10062DB84 /* ContentView.swift in Sources */ = {isa = PBXBuildFile; fileRef = 95BF145D26CD31F00062DB84 /* ContentView.swift */; };
		95BF147626CD31F10062DB84 /* Persistence.swift in Sources */ = {isa = PBXBuildFile; fileRef = 95BF145E26CD31F00062DB84 /* Persistence.swift */; };
		95BF147726CD31F10062DB84 /* Persistence.swift in Sources */ = {isa = PBXBuildFile; fileRef = 95BF145E26CD31F00062DB84 /* Persistence.swift */; };
		95BF147826CD31F10062DB84 /* Assets.xcassets in Resources */ = {isa = PBXBuildFile; fileRef = 95BF145F26CD31F10062DB84 /* Assets.xcassets */; };
		95BF147926CD31F10062DB84 /* Assets.xcassets in Resources */ = {isa = PBXBuildFile; fileRef = 95BF145F26CD31F10062DB84 /* Assets.xcassets */; };
/* End PBXBuildFile section */

/* Begin PBXFileReference section */
		95BF145B26CD31F00062DB84 /* Shared.xcdatamodel */ = {isa = PBXFileReference; lastKnownFileType = wrapper.xcdatamodel; path = Shared.xcdatamodel; sourceTree = "<group>"; };
		95BF145C26CD31F00062DB84 /* HabitsApp.swift */ = {isa = PBXFileReference; lastKnownFileType = sourcecode.swift; path = HabitsApp.swift; sourceTree = "<group>"; };
		95BF145D26CD31F00062DB84 /* ContentView.swift */ = {isa = PBXFileReference; lastKnownFileType = sourcecode.swift; path = ContentView.swift; sourceTree = "<group>"; };
		95BF145E26CD31F00062DB84 /* Persistence.swift */ = {isa = PBXFileReference; lastKnownFileType = sourcecode.swift; path = Persistence.swift; sourceTree = "<group>"; };
		95BF145F26CD31F10062DB84 /* Assets.xcassets */ = {isa = PBXFileReference; lastKnownFileType = folder.assetcatalog; path = Assets.xcassets; sourceTree = "<group>"; };
		95BF146426CD31F10062DB84 /* Habits.app */ = {isa = PBXFileReference; explicitFileType = wrapper.application; includeInIndex = 0; path = Habits.app; sourceTree = BUILT_PRODUCTS_DIR; };
		95BF146726CD31F10062DB84 /* Info.plist */ = {isa = PBXFileReference; lastKnownFileType = text.plist.xml; path = Info.plist; sourceTree = "<group>"; };
		95BF146C26CD31F10062DB84 /* Habits.app */ = {isa = PBXFileReference; explicitFileType = wrapper.application; includeInIndex = 0; path = Habits.app; sourceTree = BUILT_PRODUCTS_DIR; };
		95BF146E26CD31F10062DB84 /* Info.plist */ = {isa = PBXFileReference; lastKnownFileType = text.plist.xml; path = Info.plist; sourceTree = "<group>"; };
		95BF146F26CD31F10062DB84 /* macOS.entitlements */ = {isa = PBXFileReference; lastKnownFileType = text.plist.entitlements; path = macOS.entitlements; sourceTree = "<group>"; };
/* End PBXFileReference section */

/* Begin PBXFrameworksBuildPhase section */
		95BF146126CD31F10062DB84 /* Frameworks */ = {
			isa = PBXFrameworksBuildPhase;
			buildActionMask = 2147483647;
			files = (
			);
			runOnlyForDeploymentPostprocessing = 0;
		};
		95BF146926CD31F10062DB84 /* Frameworks */ = {
			isa = PBXFrameworksBuildPhase;
			buildActionMask = 2147483647;
			files = (
			);
			runOnlyForDeploymentPostprocessing = 0;
		};
/* End PBXFrameworksBuildPhase section */

/* Begin PBXGroup section */
		95BF145426CD31F00062DB84 = {
			isa = PBXGroup;
			children = (
				95BF145926CD31F00062DB84 /* Shared */,
				95BF146626CD31F10062DB84 /* iOS */,
				95BF146D26CD31F10062DB84 /* macOS */,
				95BF146526CD31F10062DB84 /* Products */,
			);
			sourceTree = "<group>";
		};
		95BF145926CD31F00062DB84 /* Shared */ = {
			isa = PBXGroup;
			children = (
				95BF145C26CD31F00062DB84 /* HabitsApp.swift */,
				95BF145D26CD31F00062DB84 /* ContentView.swift */,
				95BF145E26CD31F00062DB84 /* Persistence.swift */,
				95BF145F26CD31F10062DB84 /* Assets.xcassets */,
				95BF145A26CD31F00062DB84 /* Habits.xcdatamodeld */,
			);
			path = Shared;
			sourceTree = "<group>";
		};
		95BF146526CD31F10062DB84 /* Products */ = {
			isa = PBXGroup;
			children = (
				95BF146426CD31F10062DB84 /* Habits.app */,
				95BF146C26CD31F10062DB84 /* Habits.app */,
			);
			name = Products;
			sourceTree = "<group>";
		};
		95BF146626CD31F10062DB84 /* iOS */ = {
			isa = PBXGroup;
			children = (
				95BF146726CD31F10062DB84 /* Info.plist */,
			);
			path = iOS;
			sourceTree = "<group>";
		};
		95BF146D26CD31F10062DB84 /* macOS */ = {
			isa = PBXGroup;
			children = (
				95BF146E26CD31F10062DB84 /* Info.plist */,
				95BF146F26CD31F10062DB84 /* macOS.entitlements */,
			);
			path = macOS;
			sourceTree = "<group>";
		};
/* End PBXGroup section */

/* Begin PBXNativeTarget section */
		95BF146326CD31F10062DB84 /* Habits (iOS) */ = {
			isa = PBXNativeTarget;
			buildConfigurationList = 95BF147C26CD31F10062DB84 /* Build configuration list for PBXNativeTarget "Habits (iOS)" */;
			buildPhases = (
				95BF146026CD31F10062DB84 /* Sources */,
				95BF146126CD31F10062DB84 /* Frameworks */,
				95BF146226CD31F10062DB84 /* Resources */,
			);
			buildRules = (
			);
			dependencies = (
			);
			name = "Habits (iOS)";
			productName = "Habits (iOS)";
			productReference = 95BF146426CD31F10062DB84 /* Habits.app */;
			productType = "com.apple.product-type.application";
		};
		95BF146B26CD31F10062DB84 /* Habits (macOS) */ = {
			isa = PBXNativeTarget;
			buildConfigurationList = 95BF147F26CD31F10062DB84 /* Build configuration list for PBXNativeTarget "Habits (macOS)" */;
			buildPhases = (
				95BF146826CD31F10062DB84 /* Sources */,
				95BF146926CD31F10062DB84 /* Frameworks */,
				95BF146A26CD31F10062DB84 /* Resources */,
			);
			buildRules = (
			);
			dependencies = (
			);
			name = "Habits (macOS)";
			productName = "Habits (macOS)";
			productReference = 95BF146C26CD31F10062DB84 /* Habits.app */;
			productType = "com.apple.product-type.application";
		};
/* End PBXNativeTarget section */

/* Begin PBXProject section */
		95BF145526CD31F00062DB84 /* Project object */ = {
			isa = PBXProject;
			attributes = {
				LastSwiftUpdateCheck = 1250;
				LastUpgradeCheck = 1250;
				TargetAttributes = {
					95BF146326CD31F10062DB84 = {
						CreatedOnToolsVersion = 12.5.1;
					};
					95BF146B26CD31F10062DB84 = {
						CreatedOnToolsVersion = 12.5.1;
					};
				};
			};
			buildConfigurationList = 95BF145826CD31F00062DB84 /* Build configuration list for PBXProject "Habits" */;
			compatibilityVersion = "Xcode 9.3";
			developmentRegion = en;
			hasScannedForEncodings = 0;
			knownRegions = (
				en,
				Base,
			);
			mainGroup = 95BF145426CD31F00062DB84;
			productRefGroup = 95BF146526CD31F10062DB84 /* Products */;
			projectDirPath = "";
			projectRoot = "";
			targets = (
				95BF146326CD31F10062DB84 /* Habits (iOS) */,
				95BF146B26CD31F10062DB84 /* Habits (macOS) */,
			);
		};
/* End PBXProject section */

/* Begin PBXResourcesBuildPhase section */
		95BF146226CD31F10062DB84 /* Resources */ = {
			isa = PBXResourcesBuildPhase;
			buildActionMask = 2147483647;
			files = (
				95BF147826CD31F10062DB84 /* Assets.xcassets in Resources */,
			);
			runOnlyForDeploymentPostprocessing = 0;
		};
		95BF146A26CD31F10062DB84 /* Resources */ = {
			isa = PBXResourcesBuildPhase;
			buildActionMask = 2147483647;
			files = (
				95BF147926CD31F10062DB84 /* Assets.xcassets in Resources */,
			);
			runOnlyForDeploymentPostprocessing = 0;
		};
/* End PBXResourcesBuildPhase section */

/* Begin PBXSourcesBuildPhase section */
		95BF146026CD31F10062DB84 /* Sources */ = {
			isa = PBXSourcesBuildPhase;
			buildActionMask = 2147483647;
			files = (
				95BF147226CD31F10062DB84 /* HabitsApp.swift in Sources */,
				95BF147626CD31F10062DB84 /* Persistence.swift in Sources */,
				95BF147026CD31F10062DB84 /* Habits.xcdatamodeld in Sources */,
				95BF147426CD31F10062DB84 /* ContentView.swift in Sources */,
			);
			runOnlyForDeploymentPostprocessing = 0;
		};
		95BF146826CD31F10062DB84 /* Sources */ = {
			isa = PBXSourcesBuildPhase;
			buildActionMask = 2147483647;
			files = (
				95BF147326CD31F10062DB84 /* HabitsApp.swift in Sources */,
				95BF147726CD31F10062DB84 /* Persistence.swift in Sources */,
				95BF147126CD31F10062DB84 /* Habits.xcdatamodeld in Sources */,
				95BF147526CD31F10062DB84 /* ContentView.swift in Sources */,
			);
			runOnlyForDeploymentPostprocessing = 0;
		};
/* End PBXSourcesBuildPhase section */

/* Begin XCBuildConfiguration section */
		95BF147A26CD31F10062DB84 /* Debug */ = {
			isa = XCBuildConfiguration;
			buildSettings = {
				ALWAYS_SEARCH_USER_PATHS = NO;
				CLANG_ANALYZER_NONNULL = YES;
				CLANG_ANALYZER_NUMBER_OBJECT_CONVERSION = YES_AGGRESSIVE;
				CLANG_CXX_LANGUAGE_STANDARD = "gnu++14";
				CLANG_CXX_LIBRARY = "libc++";
				CLANG_ENABLE_MODULES = YES;
				CLANG_ENABLE_OBJC_ARC = YES;
				CLANG_ENABLE_OBJC_WEAK = YES;
				CLANG_WARN_BLOCK_CAPTURE_AUTORELEASING = YES;
				CLANG_WARN_BOOL_CONVERSION = YES;
				CLANG_WARN_COMMA = YES;
				CLANG_WARN_CONSTANT_CONVERSION = YES;
				CLANG_WARN_DEPRECATED_OBJC_IMPLEMENTATIONS = YES;
				CLANG_WARN_DIRECT_OBJC_ISA_USAGE = YES_ERROR;
				CLANG_WARN_DOCUMENTATION_COMMENTS = YES;
				CLANG_WARN_EMPTY_BODY = YES;
				CLANG_WARN_ENUM_CONVERSION = YES;
				CLANG_WARN_INFINITE_RECURSION = YES;
				CLANG_WARN_INT_CONVERSION = YES;
				CLANG_WARN_NON_LITERAL_NULL_CONVERSION = YES;
				CLANG_WARN_OBJC_IMPLICIT_RETAIN_SELF = YES;
				CLANG_WARN_OBJC_LITERAL_CONVERSION = YES;
				CLANG_WARN_OBJC_ROOT_CLASS = YES_ERROR;
				CLANG_WARN_QUOTED_INCLUDE_IN_FRAMEWORK_HEADER = YES;
				CLANG_WARN_RANGE_LOOP_ANALYSIS = YES;
				CLANG_WARN_STRICT_PROTOTYPES = YES;
				CLANG_WARN_SUSPICIOUS_MOVE = YES;
				CLANG_WARN_UNGUARDED_AVAILABILITY = YES_AGGRESSIVE;
				CLANG_WARN_UNREACHABLE_CODE = YES;
				CLANG_WARN__DUPLICATE_METHOD_MATCH = YES;
				COPY_PHASE_STRIP = NO;
				DEBUG_INFORMATION_FORMAT = dwarf;
				ENABLE_STRICT_OBJC_MSGSEND = YES;
				ENABLE_TESTABILITY = YES;
				GCC_C_LANGUAGE_STANDARD = gnu11;
				GCC_DYNAMIC_NO_PIC = NO;
				GCC_NO_COMMON_BLOCKS = YES;
				GCC_OPTIMIZATION_LEVEL = 0;
				GCC_PREPROCESSOR_DEFINITIONS = (
					"DEBUG=1",
					"$(inherited)",
				);
				GCC_WARN_64_TO_32_BIT_CONVERSION = YES;
				GCC_WARN_ABOUT_RETURN_TYPE = YES_ERROR;
				GCC_WARN_UNDECLARED_SELECTOR = YES;
				GCC_WARN_UNINITIALIZED_AUTOS = YES_AGGRESSIVE;
				GCC_WARN_UNUSED_FUNCTION = YES;
				GCC_WARN_UNUSED_VARIABLE = YES;
				MTL_ENABLE_DEBUG_INFO = INCLUDE_SOURCE;
				MTL_FAST_MATH = YES;
				ONLY_ACTIVE_ARCH = YES;
				SWIFT_ACTIVE_COMPILATION_CONDITIONS = DEBUG;
				SWIFT_OPTIMIZATION_LEVEL = "-Onone";
			};
			name = Debug;
		};
		95BF147B26CD31F10062DB84 /* Release */ = {
			isa = XCBuildConfiguration;
			buildSettings = {
				ALWAYS_SEARCH_USER_PATHS = NO;
				CLANG_ANALYZER_NONNULL = YES;
				CLANG_ANALYZER_NUMBER_OBJECT_CONVERSION = YES_AGGRESSIVE;
				CLANG_CXX_LANGUAGE_STANDARD = "gnu++14";
				CLANG_CXX_LIBRARY = "libc++";
				CLANG_ENABLE_MODULES = YES;
				CLANG_ENABLE_OBJC_ARC = YES;
				CLANG_ENABLE_OBJC_WEAK = YES;
				CLANG_WARN_BLOCK_CAPTURE_AUTORELEASING = YES;
				CLANG_WARN_BOOL_CONVERSION = YES;
				CLANG_WARN_COMMA = YES;
				CLANG_WARN_CONSTANT_CONVERSION = YES;
				CLANG_WARN_DEPRECATED_OBJC_IMPLEMENTATIONS = YES;
				CLANG_WARN_DIRECT_OBJC_ISA_USAGE = YES_ERROR;
				CLANG_WARN_DOCUMENTATION_COMMENTS = YES;
				CLANG_WARN_EMPTY_BODY = YES;
				CLANG_WARN_ENUM_CONVERSION = YES;
				CLANG_WARN_INFINITE_RECURSION = YES;
				CLANG_WARN_INT_CONVERSION = YES;
				CLANG_WARN_NON_LITERAL_NULL_CONVERSION = YES;
				CLANG_WARN_OBJC_IMPLICIT_RETAIN_SELF = YES;
				CLANG_WARN_OBJC_LITERAL_CONVERSION = YES;
				CLANG_WARN_OBJC_ROOT_CLASS = YES_ERROR;
				CLANG_WARN_QUOTED_INCLUDE_IN_FRAMEWORK_HEADER = YES;
				CLANG_WARN_RANGE_LOOP_ANALYSIS = YES;
				CLANG_WARN_STRICT_PROTOTYPES = YES;
				CLANG_WARN_SUSPICIOUS_MOVE = YES;
				CLANG_WARN_UNGUARDED_AVAILABILITY = YES_AGGRESSIVE;
				CLANG_WARN_UNREACHABLE_CODE = YES;
				CLANG_WARN__DUPLICATE_METHOD_MATCH = YES;
				COPY_PHASE_STRIP = NO;
				DEBUG_INFORMATION_FORMAT = "dwarf-with-dsym";
				ENABLE_NS_ASSERTIONS = NO;
				ENABLE_STRICT_OBJC_MSGSEND = YES;
				GCC_C_LANGUAGE_STANDARD = gnu11;
				GCC_NO_COMMON_BLOCKS = YES;
				GCC_WARN_64_TO_32_BIT_CONVERSION = YES;
				GCC_WARN_ABOUT_RETURN_TYPE = YES_ERROR;
				GCC_WARN_UNDECLARED_SELECTOR = YES;
				GCC_WARN_UNINITIALIZED_AUTOS = YES_AGGRESSIVE;
				GCC_WARN_UNUSED_FUNCTION = YES;
				GCC_WARN_UNUSED_VARIABLE = YES;
				MTL_ENABLE_DEBUG_INFO = NO;
				MTL_FAST_MATH = YES;
				SWIFT_COMPILATION_MODE = wholemodule;
				SWIFT_OPTIMIZATION_LEVEL = "-O";
			};
			name = Release;
		};
		95BF147D26CD31F10062DB84 /* Debug */ = {
			isa = XCBuildConfiguration;
			buildSettings = {
				ASSETCATALOG_COMPILER_APPICON_NAME = AppIcon;
				ASSETCATALOG_COMPILER_GLOBAL_ACCENT_COLOR_NAME = AccentColor;
				CODE_SIGN_STYLE = Automatic;
				DEVELOPMENT_TEAM = F27HQ4FLX4;
				ENABLE_PREVIEWS = YES;
				INFOPLIST_FILE = iOS/Info.plist;
				IPHONEOS_DEPLOYMENT_TARGET = 14.0;
				LD_RUNPATH_SEARCH_PATHS = (
					"$(inherited)",
					"@executable_path/Frameworks",
				);
				PRODUCT_BUNDLE_IDENTIFIER = com.charlienguyen.Habits;
				PRODUCT_NAME = Habits;
				SDKROOT = iphoneos;
				SWIFT_VERSION = 5.0;
				TARGETED_DEVICE_FAMILY = "1,2";
			};
			name = Debug;
		};
		95BF147E26CD31F10062DB84 /* Release */ = {
			isa = XCBuildConfiguration;
			buildSettings = {
				ASSETCATALOG_COMPILER_APPICON_NAME = AppIcon;
				ASSETCATALOG_COMPILER_GLOBAL_ACCENT_COLOR_NAME = AccentColor;
				CODE_SIGN_STYLE = Automatic;
				DEVELOPMENT_TEAM = F27HQ4FLX4;
				ENABLE_PREVIEWS = YES;
				INFOPLIST_FILE = iOS/Info.plist;
				IPHONEOS_DEPLOYMENT_TARGET = 14.0;
				LD_RUNPATH_SEARCH_PATHS = (
					"$(inherited)",
					"@executable_path/Frameworks",
				);
				PRODUCT_BUNDLE_IDENTIFIER = com.charlienguyen.Habits;
				PRODUCT_NAME = Habits;
				SDKROOT = iphoneos;
				SWIFT_VERSION = 5.0;
				TARGETED_DEVICE_FAMILY = "1,2";
				VALIDATE_PRODUCT = YES;
			};
			name = Release;
		};
		95BF148026CD31F10062DB84 /* Debug */ = {
			isa = XCBuildConfiguration;
			buildSettings = {
				ASSETCATALOG_COMPILER_APPICON_NAME = AppIcon;
				ASSETCATALOG_COMPILER_GLOBAL_ACCENT_COLOR_NAME = AccentColor;
				CODE_SIGN_ENTITLEMENTS = macOS/macOS.entitlements;
				CODE_SIGN_STYLE = Automatic;
				COMBINE_HIDPI_IMAGES = YES;
				DEVELOPMENT_TEAM = F27HQ4FLX4;
				ENABLE_HARDENED_RUNTIME = YES;
				ENABLE_PREVIEWS = YES;
				INFOPLIST_FILE = macOS/Info.plist;
				LD_RUNPATH_SEARCH_PATHS = (
					"$(inherited)",
					"@executable_path/../Frameworks",
				);
				MACOSX_DEPLOYMENT_TARGET = 11.0;
				PRODUCT_BUNDLE_IDENTIFIER = com.charlienguyen.Habits;
				PRODUCT_NAME = Habits;
				SDKROOT = macosx;
				SWIFT_VERSION = 5.0;
			};
			name = Debug;
		};
		95BF148126CD31F10062DB84 /* Release */ = {
			isa = XCBuildConfiguration;
			buildSettings = {
				ASSETCATALOG_COMPILER_APPICON_NAME = AppIcon;
				ASSETCATALOG_COMPILER_GLOBAL_ACCENT_COLOR_NAME = AccentColor;
				CODE_SIGN_ENTITLEMENTS = macOS/macOS.entitlements;
				CODE_SIGN_STYLE = Automatic;
				COMBINE_HIDPI_IMAGES = YES;
				DEVELOPMENT_TEAM = F27HQ4FLX4;
				ENABLE_HARDENED_RUNTIME = YES;
				ENABLE_PREVIEWS = YES;
				INFOPLIST_FILE = macOS/Info.plist;
				LD_RUNPATH_SEARCH_PATHS = (
					"$(inherited)",
					"@executable_path/../Frameworks",
				);
				MACOSX_DEPLOYMENT_TARGET = 11.0;
				PRODUCT_BUNDLE_IDENTIFIER = com.charlienguyen.Habits;
				PRODUCT_NAME = Habits;
				SDKROOT = macosx;
				SWIFT_VERSION = 5.0;
			};
			name = Release;
		};
/* End XCBuildConfiguration section */

/* Begin XCConfigurationList section */
		95BF145826CD31F00062DB84 /* Build configuration list for PBXProject "Habits" */ = {
			isa = XCConfigurationList;
			buildConfigurations = (
				95BF147A26CD31F10062DB84 /* Debug */,
				95BF147B26CD31F10062DB84 /* Release */,
			);
			defaultConfigurationIsVisible = 0;
			defaultConfigurationName = Release;
		};
		95BF147C26CD31F10062DB84 /* Build configuration list for PBXNativeTarget "Habits (iOS)" */ = {
			isa = XCConfigurationList;
			buildConfigurations = (
				95BF147D26CD31F10062DB84 /* Debug */,
				95BF147E26CD31F10062DB84 /* Release */,
			);
			defaultConfigurationIsVisible = 0;
			defaultConfigurationName = Release;
		};
		95BF147F26CD31F10062DB84 /* Build configuration list for PBXNativeTarget "Habits (macOS)" */ = {
			isa = XCConfigurationList;
			buildConfigurations = (
				95BF148026CD31F10062DB84 /* Debug */,
				95BF148126CD31F10062DB84 /* Release */,
			);
			defaultConfigurationIsVisible = 0;
			defaultConfigurationName = Release;
		};
/* End XCConfigurationList section */

/* Begin XCVersionGroup section */
		95BF145A26CD31F00062DB84 /* Habits.xcdatamodeld */ = {
			isa = XCVersionGroup;
			children = (
				95BF145B26CD31F00062DB84 /* Shared.xcdatamodel */,
			);
			currentVersion = 95BF145B26CD31F00062DB84 /* Shared.xcdatamodel */;
			path = Habits.xcdatamodeld;
			sourceTree = "<group>";
			versionGroupType = wrapper.xcdatamodel;
		};
/* End XCVersionGroup section */
	};
	rootObject = 95BF145526CD31F00062DB84 /* Project object */;
}
